
Microsoft Visual Studio Solution File, Format Version 12.00
# Visual Studio Version 16
VisualStudioVersion = 16.0.29728.190
MinimumVisualStudioVersion = 10.0.40219.1
Project("{9A19103F-16F7-4668-BE54-9A1E7A4F7556}") = "YellowCounter.FileSystemState", "YellowCounter.FileSystemState\YellowCounter.FileSystemState.csproj", "{8C085D5D-AC6F-48D9-A547-B6C92E18D2FB}"
EndProject
Project("{9A19103F-16F7-4668-BE54-9A1E7A4F7556}") = "YellowCounter.FileSystemState.Tests", "YellowCounter.FileSystemState.Tests\YellowCounter.FileSystemState.Tests.csproj", "{EE22E810-4ADC-4399-9C72-B2B70831EB05}"
EndProject
Project("{FAE04EC0-301F-11D3-BF4B-00C04F79EFBC}") = "PathReduxTests", "PathReduxTests\PathReduxTests.csproj", "{33F0288C-B927-4145-84E1-321BD5AD8996}"
EndProject
Global
	GlobalSection(SolutionConfigurationPlatforms) = preSolution
		Debug|Any CPU = Debug|Any CPU
		Release|Any CPU = Release|Any CPU
	EndGlobalSection
	GlobalSection(ProjectConfigurationPlatforms) = postSolution
		{8C085D5D-AC6F-48D9-A547-B6C92E18D2FB}.Debug|Any CPU.ActiveCfg = Debug|Any CPU
		{8C085D5D-AC6F-48D9-A547-B6C92E18D2FB}.Debug|Any CPU.Build.0 = Debug|Any CPU
		{8C085D5D-AC6F-48D9-A547-B6C92E18D2FB}.Release|Any CPU.ActiveCfg = Release|Any CPU
		{8C085D5D-AC6F-48D9-A547-B6C92E18D2FB}.Release|Any CPU.Build.0 = Release|Any CPU
		{EE22E810-4ADC-4399-9C72-B2B70831EB05}.Debug|Any CPU.ActiveCfg = Debug|Any CPU
		{EE22E810-4ADC-4399-9C72-B2B70831EB05}.Debug|Any CPU.Build.0 = Debug|Any CPU
		{EE22E810-4ADC-4399-9C72-B2B70831EB05}.Release|Any CPU.ActiveCfg = Release|Any CPU
		{EE22E810-4ADC-4399-9C72-B2B70831EB05}.Release|Any CPU.Build.0 = Release|Any CPU
		{33F0288C-B927-4145-84E1-321BD5AD8996}.Debug|Any CPU.ActiveCfg = Debug|Any CPU
		{33F0288C-B927-4145-84E1-321BD5AD8996}.Debug|Any CPU.Build.0 = Debug|Any CPU
		{33F0288C-B927-4145-84E1-321BD5AD8996}.Release|Any CPU.ActiveCfg = Release|Any CPU
		{33F0288C-B927-4145-84E1-321BD5AD8996}.Release|Any CPU.Build.0 = Release|Any CPU
	EndGlobalSection
	GlobalSection(SolutionProperties) = preSolution
		HideSolutionNode = FALSE
	EndGlobalSection
	GlobalSection(ExtensibilityGlobals) = postSolution
		SolutionGuid = {2317DA87-E7BF-4B92-A855-CA4A0B9A1549}
	EndGlobalSection
EndGlobal
